
Microsoft Visual Studio Solution File, Format Version 12.00
# Visual Studio Version 17
VisualStudioVersion = 17.4.33122.133
MinimumVisualStudioVersion = 10.0.40219.1
Project("{9A19103F-16F7-4668-BE54-9A1E7A4F7556}") = "SuggestionAppUI", "SuggestionAppUI\SuggestionAppUI.csproj", "{74F8F1A5-A0E3-4AF3-9BFA-039898DF0C29}"
EndProject
Project("{9A19103F-16F7-4668-BE54-9A1E7A4F7556}") = "SuggestionAppLibrary", "SuggestionAppLibrary\SuggestionAppLibrary.csproj", "{6E0F1D34-A442-4572-9827-9E261E353997}"
EndProject
Global
	GlobalSection(SolutionConfigurationPlatforms) = preSolution
		Debug|Any CPU = Debug|Any CPU
		Release|Any CPU = Release|Any CPU
	EndGlobalSection
	GlobalSection(ProjectConfigurationPlatforms) = postSolution
		{74F8F1A5-A0E3-4AF3-9BFA-039898DF0C29}.Debug|Any CPU.ActiveCfg = Debug|Any CPU
		{74F8F1A5-A0E3-4AF3-9BFA-039898DF0C29}.Debug|Any CPU.Build.0 = Debug|Any CPU
		{74F8F1A5-A0E3-4AF3-9BFA-039898DF0C29}.Release|Any CPU.ActiveCfg = Release|Any CPU
		{74F8F1A5-A0E3-4AF3-9BFA-039898DF0C29}.Release|Any CPU.Build.0 = Release|Any CPU
		{6E0F1D34-A442-4572-9827-9E261E353997}.Debug|Any CPU.ActiveCfg = Debug|Any CPU
		{6E0F1D34-A442-4572-9827-9E261E353997}.Debug|Any CPU.Build.0 = Debug|Any CPU
		{6E0F1D34-A442-4572-9827-9E261E353997}.Release|Any CPU.ActiveCfg = Release|Any CPU
		{6E0F1D34-A442-4572-9827-9E261E353997}.Release|Any CPU.Build.0 = Release|Any CPU
	EndGlobalSection
	GlobalSection(SolutionProperties) = preSolution
		HideSolutionNode = FALSE
	EndGlobalSection
	GlobalSection(ExtensibilityGlobals) = postSolution
		SolutionGuid = {F518C7B0-40F5-4F44-8505-E8DD5A4FE615}
	EndGlobalSection
EndGlobal
